<?xml version="1.0" encoding="utf-8"?>
<Project ToolsVersion="4.0" xmlns="http://schemas.microsoft.com/developer/msbuild/2003">
  <ItemGroup>
    <Filter Include="Source Files">
      <UniqueIdentifier>{4FC737F1-C7A5-4376-A066-2A32D752A2FF}</UniqueIdentifier>
      <Extensions>cpp;c;cc;cxx;c++;cppm;ixx;def;odl;idl;hpj;bat;asm;asmx</Extensions>
    </Filter>
    <Filter Include="Header Files">
      <UniqueIdentifier>{93995380-89BD-4b04-88EB-625FBE52EBFB}</UniqueIdentifier>
      <Extensions>h;hh;hpp;hxx;h++;hm;inl;inc;ipp;xsd</Extensions>
    </Filter>
    <Filter Include="Resource Files">
      <UniqueIdentifier>{67DA6AB6-F800-4c08-8B7A-83BB121AAD01}</UniqueIdentifier>
      <Extensions>rc;ico;cur;bmp;dlg;rc2;rct;bin;rgs;gif;jpg;jpeg;jpe;resx;tiff;tif;png;wav;mfcribbon-ms</Extensions>
    </Filter>
  </ItemGroup>
  <ItemGroup>
    <ClInclude Include="src\engine\scenes\GltfLoader.hpp">
      <Filter>Header Files</Filter>
    </ClInclude>
    <ClInclude Include="src\engine\input\Input.hpp">
      <Filter>Header Files</Filter>
    </ClInclude>
    <ClInclude Include="src\engine\scenes\Mesh.hpp">
      <Filter>Header Files</Filter>
    </ClInclude>
    <ClInclude Include="src\engine\scenes\Scene.hpp">
      <Filter>Header Files</Filter>
    </ClInclude>
    <ClInclude Include="src\structural\Singleton.hpp">
      <Filter>Header Files</Filter>
    </ClInclude>
    <ClInclude Include="src\utils\Utils.hpp">
      <Filter>Header Files</Filter>
    </ClInclude>
    <ClInclude Include="src\engine\VulkanApplication.hpp">
      <Filter>Header Files</Filter>
    </ClInclude>
    <ClInclude Include="src\engine\VulkanApplication.hpp">
      <Filter>Header Files</Filter>
    </ClInclude>
    <ClInclude Include="src\engine\scenes\GameObject.hpp">
      <Filter>Header Files</Filter>
    </ClInclude>
    <ClInclude Include="src\engine\GltfLoader.hpp">
      <Filter>Header Files</Filter>
    </ClInclude>
    <ClInclude Include="src\engine\Input.hpp">
      <Filter>Header Files</Filter>
    </ClInclude>
    <ClInclude Include="src\engine\Mesh.hpp">
      <Filter>Header Files</Filter>
    </ClInclude>
    <ClInclude Include="src\engine\Scene.hpp">
      <Filter>Header Files</Filter>
    </ClInclude>
    <ClInclude Include="src\engine\Singleton.hpp">
      <Filter>Header Files</Filter>
    </ClInclude>
    <ClInclude Include="src\engine\Utils.hpp">
      <Filter>Header Files</Filter>
    </ClInclude>
    <ClInclude Include="src\engine\VulkanApplication.hpp">
      <Filter>Header Files</Filter>
    </ClInclude>
    <ClInclude Include="src\engine\GltfLoader.hpp">
      <Filter>Header Files</Filter>
    </ClInclude>
    <ClInclude Include="src\engine\Input.hpp">
      <Filter>Header Files</Filter>
    </ClInclude>
    <ClInclude Include="src\engine\Mesh.hpp">
      <Filter>Header Files</Filter>
    </ClInclude>
    <ClInclude Include="src\engine\Scene.hpp">
      <Filter>Header Files</Filter>
    </ClInclude>
    <ClInclude Include="src\engine\Singleton.hpp">
      <Filter>Header Files</Filter>
    </ClInclude>
    <ClInclude Include="src\engine\Time.hpp">
      <Filter>Header Files</Filter>
    </ClInclude>
    <ClInclude Include="src\engine\math\Transform.hpp">
      <Filter>Header Files</Filter>
    </ClInclude>
    <ClInclude Include="src\engine\Utils.hpp">
      <Filter>Header Files</Filter>
    </ClInclude>
    <ClInclude Include="src\engine\VulkanApplication.hpp">
      <Filter>Header Files</Filter>
    </ClInclude>
    <ClInclude Include="src\engine\GameObject.hpp">
      <Filter>Header Files</Filter>
    </ClInclude>
    <ClInclude Include="src\engine\GltfLoader.hpp">
      <Filter>Header Files</Filter>
    </ClInclude>
    <ClInclude Include="src\engine\Input.hpp">
      <Filter>Header Files</Filter>
    </ClInclude>
    <ClInclude Include="src\engine\Mesh.hpp">
      <Filter>Header Files</Filter>
    </ClInclude>
    <ClInclude Include="src\engine\Scene.hpp">
      <Filter>Header Files</Filter>
    </ClInclude>
    <ClInclude Include="src\settings\GlobalSettings.hpp">
      <Filter>Header Files</Filter>
    </ClInclude>
    <ClInclude Include="src\engine\Singleton.hpp">
      <Filter>Header Files</Filter>
    </ClInclude>
    <ClInclude Include="src\engine\Time.hpp">
      <Filter>Header Files</Filter>
    </ClInclude>
    <ClInclude Include="src\engine\Utils.hpp">
      <Filter>Header Files</Filter>
    </ClInclude>
    <ClInclude Include="src\engine\VulkanApplication.hpp">
      <Filter>Header Files</Filter>
    </ClInclude>
    <ClInclude Include="src\engine\GameObject.hpp">
      <Filter>Header Files</Filter>
    </ClInclude>
    <ClInclude Include="src\engine\GltfLoader.hpp">
      <Filter>Header Files</Filter>
    </ClInclude>
    <ClInclude Include="src\engine\Input.hpp">
      <Filter>Header Files</Filter>
    </ClInclude>
    <ClInclude Include="src\engine\Mesh.hpp">
      <Filter>Header Files</Filter>
    </ClInclude>
    <ClInclude Include="src\engine\Scene.hpp">
      <Filter>Header Files</Filter>
    </ClInclude>
    <ClInclude Include="src\engine\Singleton.hpp">
      <Filter>Header Files</Filter>
    </ClInclude>
    <ClInclude Include="src\engine\Time.hpp">
      <Filter>Header Files</Filter>
    </ClInclude>
    <ClInclude Include="src\engine\Transform.hpp">
      <Filter>Header Files</Filter>
    </ClInclude>
    <ClInclude Include="src\engine\Utils.hpp">
      <Filter>Header Files</Filter>
    </ClInclude>
    <ClInclude Include="src\engine\VulkanApplication.hpp">
      <Filter>Header Files</Filter>
    </ClInclude>
    <ClInclude Include="src\engine\GameObject.hpp">
      <Filter>Header Files</Filter>
    </ClInclude>
    <ClInclude Include="src\engine\GltfLoader.hpp">
      <Filter>Header Files</Filter>
    </ClInclude>
    <ClInclude Include="src\engine\Input.hpp">
      <Filter>Header Files</Filter>
    </ClInclude>
    <ClInclude Include="src\game\input\KeyBinds.hpp">
      <Filter>Header Files</Filter>
    </ClInclude>
    <ClInclude Include="src\engine\Mesh.hpp">
      <Filter>Header Files</Filter>
    </ClInclude>
    <ClInclude Include="src\engine\Scene.hpp">
      <Filter>Header Files</Filter>
    </ClInclude>
    <ClInclude Include="src\engine\Settings.hpp">
      <Filter>Header Files</Filter>
    </ClInclude>
    <ClInclude Include="src\engine\Singleton.hpp">
      <Filter>Header Files</Filter>
    </ClInclude>
    <ClInclude Include="src\engine\Time.hpp">
      <Filter>Header Files</Filter>
    </ClInclude>
    <ClInclude Include="src\engine\Transform.hpp">
      <Filter>Header Files</Filter>
    </ClInclude>
    <ClInclude Include="src\engine\Utils.hpp">
      <Filter>Header Files</Filter>
    </ClInclude>
    <ClInclude Include="src\engine\VulkanApplication.hpp">
      <Filter>Header Files</Filter>
    </ClInclude>
    <ClInclude Include="src\engine\GameObject.hpp">
      <Filter>Header Files</Filter>
    </ClInclude>
    <ClInclude Include="src\engine\GltfLoader.hpp">
      <Filter>Header Files</Filter>
    </ClInclude>
    <ClInclude Include="src\engine\Input.hpp">
      <Filter>Header Files</Filter>
    </ClInclude>
    <ClInclude Include="src\engine\Mesh.hpp">
      <Filter>Header Files</Filter>
    </ClInclude>
    <ClInclude Include="src\engine\Scene.hpp">
      <Filter>Header Files</Filter>
    </ClInclude>
    <ClInclude Include="src\engine\Settings.hpp">
      <Filter>Header Files</Filter>
    </ClInclude>
    <ClInclude Include="src\engine\Singleton.hpp">
      <Filter>Header Files</Filter>
    </ClInclude>
    <ClInclude Include="src\engine\Time.hpp">
      <Filter>Header Files</Filter>
    </ClInclude>
    <ClInclude Include="src\engine\Transform.hpp">
      <Filter>Header Files</Filter>
    </ClInclude>
    <ClInclude Include="src\engine\Utils.hpp">
      <Filter>Header Files</Filter>
    </ClInclude>
    <ClInclude Include="src\engine\VulkanApplication.hpp">
      <Filter>Header Files</Filter>
    </ClInclude>
    <ClInclude Include="src\engine\VulkanApplication.hpp">
      <Filter>Header Files</Filter>
    </ClInclude>
    <ClInclude Include="src\settings\Settings.hpp">
      <Filter>Header Files</Filter>
    </ClInclude>
    <ClInclude Include="src\structural\Singleton.hpp">
      <Filter>Header Files</Filter>
    </ClInclude>
    <ClInclude Include="src\utils\Paths.hpp">
      <Filter>Header Files</Filter>
    </ClInclude>
    <ClInclude Include="src\utils\Utils.hpp">
      <Filter>Header Files</Filter>
    </ClInclude>
    <ClInclude Include="src\*\*.hpp">
      <Filter>Header Files</Filter>
    </ClInclude>
    <ClInclude Include="src\*\*.hpp">
      <Filter>Header Files</Filter>
    </ClInclude>
    <ClInclude Include="src\*\*.hpp">
      <Filter>Header Files</Filter>
    </ClInclude>
    <ClInclude Include="src\*\*.hpp">
      <Filter>Header Files</Filter>
    </ClInclude>
    <ClInclude Include="src\*\*.hpp">
      <Filter>Header Files</Filter>
    </ClInclude>
    <ClInclude Include="src\*\*.hpp">
      <Filter>Header Files</Filter>
    </ClInclude>
    <ClInclude Include="src\engine\GltfLoader.hpp">
      <Filter>Header Files</Filter>
    </ClInclude>
    <ClInclude Include="src\engine\Input.hpp">
      <Filter>Header Files</Filter>
    </ClInclude>
    <ClInclude Include="src\engine\Mesh.hpp">
      <Filter>Header Files</Filter>
    </ClInclude>
    <ClInclude Include="src\engine\Scene.hpp">
      <Filter>Header Files</Filter>
    </ClInclude>
    <ClInclude Include="src\engine\Singleton.hpp">
      <Filter>Header Files</Filter>
    </ClInclude>
    <ClInclude Include="src\engine\Utils.hpp">
      <Filter>Header Files</Filter>
    </ClInclude>
    <ClInclude Include="src\engine\VulkanApplication.hpp">
      <Filter>Header Files</Filter>
    </ClInclude>
    <ClInclude Include="src\*\*.hpp">
      <Filter>Header Files</Filter>
    </ClInclude>
    <ClInclude Include="src\engine\VulkanApplication.cpp">
      <Filter>Source Files</Filter>
    </ClInclude>
    <ClInclude Include="src\settings\Settings.cpp">
      <Filter>Source Files</Filter>
    </ClInclude>
    <ClInclude Include="src\utils\Json.cpp">
      <Filter>Source Files</Filter>
    </ClInclude>
    <ClInclude Include="src\*\*.cpp">
      <Filter>Source Files</Filter>
    </ClInclude>
    <ClInclude Include="src\*\*.cpp">
      <Filter>Source Files</Filter>
    </ClInclude>
    <ClInclude Include="src\*\*.cpp">
      <Filter>Source Files</Filter>
    </ClInclude>
    <ClInclude Include="src\*\*.cpp">
      <Filter>Source Files</Filter>
    </ClInclude>
    <ClInclude Include="src\*\*.cpp">
      <Filter>Source Files</Filter>
    </ClInclude>
    <ClInclude Include="src\*\*.cpp">
      <Filter>Source Files</Filter>
    </ClInclude>
    <ClInclude Include="src\engine\Utils.hpp">
      <Filter>Header Files</Filter>
    </ClInclude>
    <ClInclude Include="src\engine\GltfLoader.cpp">
      <Filter>Source Files</Filter>
    </ClInclude>
    <ClInclude Include="src\engine\Input.cpp">
      <Filter>Source Files</Filter>
    </ClInclude>
    <ClInclude Include="src\engine\Json.cpp">
      <Filter>Source Files</Filter>
    </ClInclude>
    <ClInclude Include="src\engine\Mesh.cpp">
      <Filter>Source Files</Filter>
    </ClInclude>
    <ClInclude Include="src\engine\Scene.cpp">
      <Filter>Source Files</Filter>
    </ClInclude>
    <ClInclude Include="src\engine\VulkanApplication.cpp">
      <Filter>Source Files</Filter>
    </ClInclude>
    <ClInclude Include="src\engine\GltfLoader.cpp">
      <Filter>Source Files</Filter>
    </ClInclude>
    <ClInclude Include="src\engine\Input.cpp">
      <Filter>Source Files</Filter>
    </ClInclude>
    <ClInclude Include="src\engine\Json.cpp">
      <Filter>Source Files</Filter>
    </ClInclude>
    <ClInclude Include="src\engine\Mesh.cpp">
      <Filter>Source Files</Filter>
    </ClInclude>
    <ClInclude Include="src\engine\Scene.cpp">
      <Filter>Source Files</Filter>
    </ClInclude>
    <ClInclude Include="src\engine\VulkanApplication.cpp">
      <Filter>Source Files</Filter>
    </ClInclude>
    <ClInclude Include="src\engine\GltfLoader.cpp">
      <Filter>Source Files</Filter>
    </ClInclude>
    <ClInclude Include="src\engine\Input.cpp">
      <Filter>Source Files</Filter>
    </ClInclude>
    <ClInclude Include="src\engine\Json.cpp">
      <Filter>Source Files</Filter>
    </ClInclude>
    <ClInclude Include="src\engine\Mesh.cpp">
      <Filter>Source Files</Filter>
    </ClInclude>
    <ClInclude Include="src\engine\Scene.cpp">
      <Filter>Source Files</Filter>
    </ClInclude>
    <ClInclude Include="src\engine\VulkanApplication.cpp">
      <Filter>Source Files</Filter>
    </ClInclude>
    <ClInclude Include="src\engine\GltfLoader.cpp">
      <Filter>Source Files</Filter>
    </ClInclude>
    <ClInclude Include="src\engine\Input.cpp">
      <Filter>Source Files</Filter>
    </ClInclude>
    <ClInclude Include="src\engine\Json.cpp">
      <Filter>Source Files</Filter>
    </ClInclude>
    <ClInclude Include="src\engine\Mesh.cpp">
      <Filter>Source Files</Filter>
    </ClInclude>
    <ClInclude Include="src\engine\Scene.cpp">
      <Filter>Source Files</Filter>
    </ClInclude>
    <ClInclude Include="src\engine\VulkanApplication.cpp">
      <Filter>Source Files</Filter>
    </ClInclude>
    <ClInclude Include="src\engine\GltfLoader.cpp">
      <Filter>Source Files</Filter>
    </ClInclude>
    <ClInclude Include="src\engine\Input.cpp">
      <Filter>Source Files</Filter>
    </ClInclude>
    <ClInclude Include="src\engine\Json.cpp">
      <Filter>Source Files</Filter>
    </ClInclude>
    <ClInclude Include="src\engine\Mesh.cpp">
      <Filter>Source Files</Filter>
    </ClInclude>
    <ClInclude Include="src\engine\Scene.cpp">
      <Filter>Source Files</Filter>
    </ClInclude>
    <ClInclude Include="src\engine\VulkanApplication.cpp">
      <Filter>Source Files</Filter>
    </ClInclude>
    <ClInclude Include="src\engine\GltfLoader.cpp">
      <Filter>Source Files</Filter>
    </ClInclude>
    <ClInclude Include="src\engine\Input.cpp">
      <Filter>Source Files</Filter>
    </ClInclude>
    <ClInclude Include="src\engine\Json.cpp">
      <Filter>Source Files</Filter>
    </ClInclude>
    <ClInclude Include="src\engine\Mesh.cpp">
      <Filter>Source Files</Filter>
    </ClInclude>
    <ClInclude Include="src\engine\Scene.cpp">
      <Filter>Source Files</Filter>
    </ClInclude>
    <ClInclude Include="src\engine\VulkanApplication.cpp">
      <Filter>Source Files</Filter>
    </ClInclude>
    <ClInclude Include="src\engine\GltfLoader.cpp">
      <Filter>Source Files</Filter>
    </ClInclude>
    <ClInclude Include="src\engine\Input.cpp">
      <Filter>Source Files</Filter>
    </ClInclude>
    <ClInclude Include="src\engine\Json.cpp">
      <Filter>Source Files</Filter>
    </ClInclude>
    <ClInclude Include="src\engine\Mesh.cpp">
      <Filter>Source Files</Filter>
    </ClInclude>
    <ClInclude Include="src\engine\Model.cpp">
      <Filter>Source Files</Filter>
    </ClInclude>
    <ClInclude Include="src\engine\Scene.cpp">
      <Filter>Source Files</Filter>
    </ClInclude>
    <ClInclude Include="src\engine\VulkanApplication.cpp">
      <Filter>Source Files</Filter>
    </ClInclude>
    <ClInclude Include="src\engine\scenes\Camera.hpp">
      <Filter>Header Files</Filter>
    </ClInclude>
    <ClInclude Include="src\engine\GltfLoader.hpp">
      <Filter>Header Files</Filter>
    </ClInclude>
    <ClInclude Include="src\engine\Input.hpp">
      <Filter>Header Files</Filter>
    </ClInclude>
    <ClInclude Include="src\utils\Json.h">
      <Filter>Header Files</Filter>
    </ClInclude>
    <ClInclude Include="src\engine\Mesh.hpp">
      <Filter>Header Files</Filter>
    </ClInclude>
    <ClInclude Include="src\engine\Scene.hpp">
      <Filter>Header Files</Filter>
    </ClInclude>
    <ClInclude Include="src\engine\Singleton.hpp">
      <Filter>Header Files</Filter>
    </ClInclude>
    <ClInclude Include="src\engine\Utils.hpp">
      <Filter>Header Files</Filter>
    </ClInclude>
    <ClInclude Include="src\engine\VulkanApplication.hpp">
      <Filter>Header Files</Filter>
    </ClInclude>
    <ClInclude Include="src\engine\GameObject.hpp">
      <Filter>Header Files</Filter>
    </ClInclude>
    <ClInclude Include="src\engine\Transform.hpp">
      <Filter>Header Files</Filter>
    </ClInclude>
    <ClInclude Include="src\engine\Settings.hpp">
      <Filter>Header Files</Filter>
    </ClInclude>
    <ClInclude Include="src\engine\Time.hpp">
      <Filter>Header Files</Filter>
    </ClInclude>
    <ClInclude Include="src\engine\KeyBinds.hpp">
      <Filter>Header Files</Filter>
    </ClInclude>
    <ClInclude Include="src\engine\Settings.hpp">
      <Filter>Header Files</Filter>
    </ClInclude>
    <ClInclude Include="src\settings\Paths.hpp">
      <Filter>Header Files</Filter>
    </ClInclude>
  </ItemGroup>
  <ItemGroup>
    <ClCompile Include="src\engine\scenes\Camera.cpp">
      <Filter>Source Files</Filter>
    </ClCompile>
    <ClCompile Include="src\engine\scenes\GltfLoader.cpp">
      <Filter>Source Files</Filter>
    </ClCompile>
    <ClCompile Include="src\engine\input\Input.cpp">
      <Filter>Source Files</Filter>
    </ClCompile>
    <ClCompile Include="src\utils\Json.cpp">
      <Filter>Source Files</Filter>
    </ClCompile>
    <ClCompile Include="src\engine\scenes\Mesh.cpp">
      <Filter>Source Files</Filter>
    </ClCompile>
    <ClCompile Include="src\engine\scenes\Scene.cpp">
      <Filter>Source Files</Filter>
    </ClCompile>
    <ClCompile Include="src\engine\VulkanApplication.cpp">
      <Filter>Source Files</Filter>
    </ClCompile>
    <ClCompile Include="src\engine\scenes\GameObject.cpp">
      <Filter>Source Files</Filter>
    </ClCompile>
    <ClCompile Include="src\engine\math\Transform.cpp">
      <Filter>Source Files</Filter>
    </ClCompile>
    <ClCompile Include="src\engine\Time.cpp">
      <Filter>Source Files</Filter>
    </ClCompile>
    <ClCompile Include="src\game\input\KeyBinds.cpp">
      <Filter>Source Files</Filter>
    </ClCompile>
    <ClCompile Include="src\settings\GlobalSettings.cpp">
      <Filter>Source Files</Filter>
    </ClCompile>
  </ItemGroup>
  <ItemGroup>
    <None Include="src\settings\GlobalSettings.json" />
  </ItemGroup>
</Project>