<?xml version="1.0" encoding="utf-8"?>
<Project ToolsVersion="4.0" xmlns="http://schemas.microsoft.com/developer/msbuild/2003">
  <ItemGroup>
    <Filter Include="Source Files">
      <UniqueIdentifier>{4FC737F1-C7A5-4376-A066-2A32D752A2FF}</UniqueIdentifier>
      <Extensions>cpp;c;cc;cxx;c++;cppm;ixx;def;odl;idl;hpj;bat;asm;asmx</Extensions>
    </Filter>
    <Filter Include="Header Files">
      <UniqueIdentifier>{93995380-89BD-4b04-88EB-625FBE52EBFB}</UniqueIdentifier>
      <Extensions>h;hh;hpp;hxx;h++;hm;inl;inc;ipp;xsd</Extensions>
    </Filter>
    <Filter Include="Resource Files">
      <UniqueIdentifier>{67DA6AB6-F800-4c08-8B7A-83BB121AAD01}</UniqueIdentifier>
      <Extensions>rc;ico;cur;bmp;dlg;rc2;rct;bin;rgs;gif;jpg;jpeg;jpe;resx;tiff;tif;png;wav;mfcribbon-ms</Extensions>
    </Filter>
  </ItemGroup>
  <ItemGroup>
    <ClInclude Include="src\engine\core\app_config.h">
      <Filter>Source Files</Filter>
    </ClInclude>
    <ClInclude Include="src\engine\core\vulkan_application.h">
      <Filter>Source Files</Filter>
    </ClInclude>
    <ClInclude Include="src\engine\core\renderer\vulkan_entities\command_pool.h">
      <Filter>Source Files</Filter>
    </ClInclude>
    <ClInclude Include="src\engine\core\renderer\vulkan_entities\descriptor_pool.h">
      <Filter>Source Files</Filter>
    </ClInclude>
    <ClInclude Include="src\engine\core\renderer\vulkan_entities\graphics_pipeline.h">
      <Filter>Source Files</Filter>
    </ClInclude>
    <ClInclude Include="src\engine\core\renderer\vulkan_entities\instance.h">
      <Filter>Source Files</Filter>
    </ClInclude>
    <ClInclude Include="src\engine\core\renderer\vulkan_entities\logical_device.h">
      <Filter>Source Files</Filter>
    </ClInclude>
    <ClInclude Include="src\engine\core\renderer\vulkan_entities\physical_device.h">
      <Filter>Source Files</Filter>
    </ClInclude>
    <ClInclude Include="src\engine\core\renderer\vulkan_entities\queue.h">
      <Filter>Source Files</Filter>
    </ClInclude>
    <ClInclude Include="src\engine\core\renderer\vulkan_entities\semaphore.h">
      <Filter>Source Files</Filter>
    </ClInclude>
    <ClInclude Include="src\engine\core\renderer\vulkan_entities\swap_chain.h">
      <Filter>Source Files</Filter>
    </ClInclude>
    <ClInclude Include="src\engine\core\renderer\vulkan_entities\window_surface.h">
      <Filter>Source Files</Filter>
    </ClInclude>
    <ClInclude Include="src\engine\utils\keybinds_manager.h">
      <Filter>Source Files</Filter>
    </ClInclude>
    <ClInclude Include="src\engine\utils\singleton.h">
      <Filter>Source Files</Filter>
    </ClInclude>
    <ClInclude Include="src\engine\utils\vulkan_factory.h">
      <Filter>Source Files</Filter>
    </ClInclude>
    <ClInclude Include="src\engine\core\renderer\vulkan_entities\descriptor_set.h">
      <Filter>Source Files</Filter>
    </ClInclude>
    <ClInclude Include="src\engine\core\renderer\custom_entities\object_3d.h">
      <Filter>Source Files</Filter>
    </ClInclude>
  </ItemGroup>
  <ItemGroup>
    <ClCompile Include="src\engine\core\mesh.cpp">
      <Filter>Source Files</Filter>
    </ClCompile>
    <ClCompile Include="src\engine\core\vulkan_application.cpp">
      <Filter>Source Files</Filter>
    </ClCompile>
    <ClCompile Include="src\engine\core\renderer\vulkan_entities\command_pool.cpp">
      <Filter>Source Files</Filter>
    </ClCompile>
    <ClCompile Include="src\engine\core\renderer\vulkan_entities\descriptor_pool.cpp">
      <Filter>Source Files</Filter>
    </ClCompile>
    <ClCompile Include="src\engine\core\renderer\vulkan_entities\graphics_pipeline.cpp">
      <Filter>Source Files</Filter>
    </ClCompile>
    <ClCompile Include="src\engine\core\renderer\vulkan_entities\instance.cpp">
      <Filter>Source Files</Filter>
    </ClCompile>
    <ClCompile Include="src\engine\core\renderer\vulkan_entities\logical_device.cpp">
      <Filter>Source Files</Filter>
    </ClCompile>
    <ClCompile Include="src\engine\core\renderer\vulkan_entities\physical_device.cpp">
      <Filter>Source Files</Filter>
    </ClCompile>
    <ClCompile Include="src\engine\core\renderer\vulkan_entities\queue.cpp">
      <Filter>Source Files</Filter>
    </ClCompile>
    <ClCompile Include="src\engine\core\renderer\vulkan_entities\semaphore.cpp">
      <Filter>Source Files</Filter>
    </ClCompile>
    <ClCompile Include="src\engine\core\renderer\vulkan_entities\swap_chain.cpp">
      <Filter>Source Files</Filter>
    </ClCompile>
    <ClCompile Include="src\engine\core\renderer\vulkan_entities\window_surface.cpp">
      <Filter>Source Files</Filter>
    </ClCompile>
    <ClCompile Include="src\engine\utils\keybinds_manager.cpp">
      <Filter>Source Files</Filter>
    </ClCompile>
    <ClCompile Include="src\engine\utils\vulkan_factory.cpp">
      <Filter>Source Files</Filter>
    </ClCompile>
    <ClCompile Include="src\game\main.cpp">
      <Filter>Source Files</Filter>
    </ClCompile>
    <ClCompile Include="src\engine\core\renderer\vulkan_entities\descriptor_set.cpp">
      <Filter>Source Files</Filter>
    </ClCompile>
    <ClCompile Include="src\engine\core\renderer\custom_entities\object_3d.cpp">
      <Filter>Source Files</Filter>
    </ClCompile>
  </ItemGroup>
</Project>